
Microsoft Visual Studio Solution File, Format Version 12.00
# Visual Studio 15
VisualStudioVersion = 15.0.27428.2037
MinimumVisualStudioVersion = 10.0.40219.1
Project("{FAE04EC0-301F-11D3-BF4B-00C04F79EFBC}") = "lesson6", "lesson6\lesson6.csproj", "{19C18415-C284-4AC1-8F30-47D3CA1AEA83}"
EndProject
Global
	GlobalSection(SolutionConfigurationPlatforms) = preSolution
		Debug|Any CPU = Debug|Any CPU
		Release|Any CPU = Release|Any CPU
	EndGlobalSection
	GlobalSection(ProjectConfigurationPlatforms) = postSolution
		{19C18415-C284-4AC1-8F30-47D3CA1AEA83}.Debug|Any CPU.ActiveCfg = Debug|Any CPU
		{19C18415-C284-4AC1-8F30-47D3CA1AEA83}.Debug|Any CPU.Build.0 = Debug|Any CPU
		{19C18415-C284-4AC1-8F30-47D3CA1AEA83}.Release|Any CPU.ActiveCfg = Release|Any CPU
		{19C18415-C284-4AC1-8F30-47D3CA1AEA83}.Release|Any CPU.Build.0 = Release|Any CPU
	EndGlobalSection
	GlobalSection(SolutionProperties) = preSolution
		HideSolutionNode = FALSE
	EndGlobalSection
	GlobalSection(ExtensibilityGlobals) = postSolution
		SolutionGuid = {4E76886F-C03B-4B60-A937-B7EC1DCF7D54}
	EndGlobalSection
EndGlobal
